// !$*UTF8*$!
{
	archiveVersion = 1;
	classes = {
	};
	objectVersion = 52;
	objects = {

/* Begin PBXBuildFile section */
		0933D8AB270BC56100080FCD /* AppDelegate.swift in Sources */ = {isa = PBXBuildFile; fileRef = 0933D8AA270BC56100080FCD /* AppDelegate.swift */; };
		0933D8AD270BC56100080FCD /* SceneDelegate.swift in Sources */ = {isa = PBXBuildFile; fileRef = 0933D8AC270BC56100080FCD /* SceneDelegate.swift */; };
		0933D8B4270BC56200080FCD /* Assets.xcassets in Resources */ = {isa = PBXBuildFile; fileRef = 0933D8B3270BC56200080FCD /* Assets.xcassets */; };
		0933D8B7270BC56200080FCD /* LaunchScreen.storyboard in Resources */ = {isa = PBXBuildFile; fileRef = 0933D8B5270BC56200080FCD /* LaunchScreen.storyboard */; };
		093870DC270D0FFA0036A3D7 /* macroManGif.gif in Resources */ = {isa = PBXBuildFile; fileRef = 093870DB270D0FFA0036A3D7 /* macroManGif.gif */; };
		093870E2270D2D940036A3D7 /* Utils.swift in Sources */ = {isa = PBXBuildFile; fileRef = 093870E1270D2D940036A3D7 /* Utils.swift */; };
		093870E4270D6B0D0036A3D7 /* IntroVC.swift in Sources */ = {isa = PBXBuildFile; fileRef = 093870E3270D6B0D0036A3D7 /* IntroVC.swift */; };
		0966D42527C9ACD700A90754 /* MacroCalculatorAPI.swift in Sources */ = {isa = PBXBuildFile; fileRef = 0966D42427C9ACD700A90754 /* MacroCalculatorAPI.swift */; };
		096CA546274DB7C40071C6EE /* PlanVC.swift in Sources */ = {isa = PBXBuildFile; fileRef = 096CA545274DB7C40071C6EE /* PlanVC.swift */; };
		097F8F75279783D600B638BC /* InfoVM.swift in Sources */ = {isa = PBXBuildFile; fileRef = 097F8F74279783D600B638BC /* InfoVM.swift */; };
		097F8F772797889E00B638BC /* PlanVM.swift in Sources */ = {isa = PBXBuildFile; fileRef = 097F8F762797889E00B638BC /* PlanVM.swift */; };
		097F8F7B2797ACA700B638BC /* MealPlanVM.swift in Sources */ = {isa = PBXBuildFile; fileRef = 097F8F7A2797ACA700B638BC /* MealPlanVM.swift */; };
		0989FA71277D0E2100234819 /* ProteinVC.swift in Sources */ = {isa = PBXBuildFile; fileRef = 0989FA70277D0E2100234819 /* ProteinVC.swift */; };
		09975BC4278CF78F0096E00A /* AddView.swift in Sources */ = {isa = PBXBuildFile; fileRef = 09975BC3278CF78F0096E00A /* AddView.swift */; };
		09A26980277E588E005C0BFF /* proteinShakeGif.gif in Resources */ = {isa = PBXBuildFile; fileRef = 09A2697F277E588E005C0BFF /* proteinShakeGif.gif */; };
		09A26982277EB17E005C0BFF /* MealPlanVC.swift in Sources */ = {isa = PBXBuildFile; fileRef = 09A26981277EB17E005C0BFF /* MealPlanVC.swift */; };
		09ABA5FD27B3095D008A9641 /* Image.swift in Sources */ = {isa = PBXBuildFile; fileRef = 09ABA5FC27B3095D008A9641 /* Image.swift */; };
		09ABA5FF27B30B9C008A9641 /* Fonts.swift in Sources */ = {isa = PBXBuildFile; fileRef = 09ABA5FE27B30B9C008A9641 /* Fonts.swift */; };
		09ABA62327B346EC008A9641 /* MealCell.swift in Sources */ = {isa = PBXBuildFile; fileRef = 09ABA62227B346EC008A9641 /* MealCell.swift */; };
		09ABA66627B8596D008A9641 /* OrderedCollections in Frameworks */ = {isa = PBXBuildFile; productRef = 09ABA66527B8596D008A9641 /* OrderedCollections */; };
		09ABA66827B8596D008A9641 /* DequeModule in Frameworks */ = {isa = PBXBuildFile; productRef = 09ABA66727B8596D008A9641 /* DequeModule */; };
		09ABA66A27B8596D008A9641 /* Collections in Frameworks */ = {isa = PBXBuildFile; productRef = 09ABA66927B8596D008A9641 /* Collections */; };
		09B353D3279F806B00871FA2 /* MacroData.swift in Sources */ = {isa = PBXBuildFile; fileRef = 09B353D2279F806B00871FA2 /* MacroData.swift */; };
		09DC9A5427A1E78500EF78E7 /* Colors.swift in Sources */ = {isa = PBXBuildFile; fileRef = 09DC9A5327A1E78500EF78E7 /* Colors.swift */; };
		09E3043727989F0D003FB240 /* RankVM.swift in Sources */ = {isa = PBXBuildFile; fileRef = 09E3043627989F0D003FB240 /* RankVM.swift */; };
		09E3043A2798D3E6003FB240 /* ProteinVM.swift in Sources */ = {isa = PBXBuildFile; fileRef = 09E304392798D3E6003FB240 /* ProteinVM.swift */; };
		09E304492798F2DE003FB240 /* UserData.swift in Sources */ = {isa = PBXBuildFile; fileRef = 09E304432798F2DE003FB240 /* UserData.swift */; };
		09E3044A2798F2DE003FB240 /* MealPlan.swift in Sources */ = {isa = PBXBuildFile; fileRef = 09E304442798F2DE003FB240 /* MealPlan.swift */; };
		09E3044B2798F2DE003FB240 /* MealData.swift in Sources */ = {isa = PBXBuildFile; fileRef = 09E304452798F2DE003FB240 /* MealData.swift */; };
		09E3044D2798F2DE003FB240 /* MealReq.swift in Sources */ = {isa = PBXBuildFile; fileRef = 09E304472798F2DE003FB240 /* MealReq.swift */; };
		09E304502798F3C1003FB240 /* MealDetailsVC.swift in Sources */ = {isa = PBXBuildFile; fileRef = 09E3044F2798F3C1003FB240 /* MealDetailsVC.swift */; };
		09E304522798F3DA003FB240 /* ProfileVC.swift in Sources */ = {isa = PBXBuildFile; fileRef = 09E304512798F3DA003FB240 /* ProfileVC.swift */; };
		09EE8142277A8D9D00579224 /* RankVC.swift in Sources */ = {isa = PBXBuildFile; fileRef = 09EE8141277A8D9D00579224 /* RankVC.swift */; };
		09EE8146277BE6BF00579224 /* Montserrat-Medium.ttf in Resources */ = {isa = PBXBuildFile; fileRef = 09EE8145277BE6BF00579224 /* Montserrat-Medium.ttf */; };
		09F000742799F98400C80AD2 /* MealDetailsVM.swift in Sources */ = {isa = PBXBuildFile; fileRef = 09F000732799F98400C80AD2 /* MealDetailsVM.swift */; };
		09FD0BE0270E24830094BAAC /* InfoVC.swift in Sources */ = {isa = PBXBuildFile; fileRef = 09FD0BDF270E24830094BAAC /* InfoVC.swift */; };
		09FD0BE7270E2E050094BAAC /* KGHAPPY.ttf in Resources */ = {isa = PBXBuildFile; fileRef = 09FD0BE3270E2E050094BAAC /* KGHAPPY.ttf */; };
		09FD0BEA270E2E050094BAAC /* KGHAPPYSolid.ttf in Resources */ = {isa = PBXBuildFile; fileRef = 09FD0BE6270E2E050094BAAC /* KGHAPPYSolid.ttf */; };
		5E40A7D5B34463021FEC598D /* Pods_MacroHero.framework in Frameworks */ = {isa = PBXBuildFile; fileRef = 4771A74DE3E41575C9648C3B /* Pods_MacroHero.framework */; };
/* End PBXBuildFile section */

/* Begin PBXFileReference section */
		0933D8A7270BC56100080FCD /* MacroHero.app */ = {isa = PBXFileReference; explicitFileType = wrapper.application; includeInIndex = 0; path = MacroHero.app; sourceTree = BUILT_PRODUCTS_DIR; };
		0933D8AA270BC56100080FCD /* AppDelegate.swift */ = {isa = PBXFileReference; lastKnownFileType = sourcecode.swift; path = AppDelegate.swift; sourceTree = "<group>"; };
		0933D8AC270BC56100080FCD /* SceneDelegate.swift */ = {isa = PBXFileReference; lastKnownFileType = sourcecode.swift; path = SceneDelegate.swift; sourceTree = "<group>"; };
		0933D8B3270BC56200080FCD /* Assets.xcassets */ = {isa = PBXFileReference; lastKnownFileType = folder.assetcatalog; path = Assets.xcassets; sourceTree = "<group>"; };
		0933D8B6270BC56200080FCD /* Base */ = {isa = PBXFileReference; lastKnownFileType = file.storyboard; name = Base; path = Base.lproj/LaunchScreen.storyboard; sourceTree = "<group>"; };
		0933D8B8270BC56200080FCD /* Info.plist */ = {isa = PBXFileReference; lastKnownFileType = text.plist.xml; path = Info.plist; sourceTree = "<group>"; };
		093870DB270D0FFA0036A3D7 /* macroManGif.gif */ = {isa = PBXFileReference; lastKnownFileType = image.gif; path = macroManGif.gif; sourceTree = "<group>"; };
		093870E1270D2D940036A3D7 /* Utils.swift */ = {isa = PBXFileReference; lastKnownFileType = sourcecode.swift; path = Utils.swift; sourceTree = "<group>"; };
		093870E3270D6B0D0036A3D7 /* IntroVC.swift */ = {isa = PBXFileReference; lastKnownFileType = sourcecode.swift; path = IntroVC.swift; sourceTree = "<group>"; };
		0966D42427C9ACD700A90754 /* MacroCalculatorAPI.swift */ = {isa = PBXFileReference; lastKnownFileType = sourcecode.swift; path = MacroCalculatorAPI.swift; sourceTree = "<group>"; };
		096CA545274DB7C40071C6EE /* PlanVC.swift */ = {isa = PBXFileReference; lastKnownFileType = sourcecode.swift; path = PlanVC.swift; sourceTree = "<group>"; };
		097F8F74279783D600B638BC /* InfoVM.swift */ = {isa = PBXFileReference; lastKnownFileType = sourcecode.swift; path = InfoVM.swift; sourceTree = "<group>"; };
		097F8F762797889E00B638BC /* PlanVM.swift */ = {isa = PBXFileReference; lastKnownFileType = sourcecode.swift; path = PlanVM.swift; sourceTree = "<group>"; };
		097F8F7A2797ACA700B638BC /* MealPlanVM.swift */ = {isa = PBXFileReference; lastKnownFileType = sourcecode.swift; path = MealPlanVM.swift; sourceTree = "<group>"; };
		0989FA70277D0E2100234819 /* ProteinVC.swift */ = {isa = PBXFileReference; lastKnownFileType = sourcecode.swift; path = ProteinVC.swift; sourceTree = "<group>"; };
		09975BC3278CF78F0096E00A /* AddView.swift */ = {isa = PBXFileReference; lastKnownFileType = sourcecode.swift; path = AddView.swift; sourceTree = "<group>"; };
		09A2697F277E588E005C0BFF /* proteinShakeGif.gif */ = {isa = PBXFileReference; lastKnownFileType = image.gif; path = proteinShakeGif.gif; sourceTree = "<group>"; };
		09A26981277EB17E005C0BFF /* MealPlanVC.swift */ = {isa = PBXFileReference; lastKnownFileType = sourcecode.swift; path = MealPlanVC.swift; sourceTree = "<group>"; };
		09ABA5FC27B3095D008A9641 /* Image.swift */ = {isa = PBXFileReference; lastKnownFileType = sourcecode.swift; path = Image.swift; sourceTree = "<group>"; };
		09ABA5FE27B30B9C008A9641 /* Fonts.swift */ = {isa = PBXFileReference; lastKnownFileType = sourcecode.swift; path = Fonts.swift; sourceTree = "<group>"; };
		09ABA62227B346EC008A9641 /* MealCell.swift */ = {isa = PBXFileReference; lastKnownFileType = sourcecode.swift; path = MealCell.swift; sourceTree = "<group>"; };
		09B353D2279F806B00871FA2 /* MacroData.swift */ = {isa = PBXFileReference; lastKnownFileType = sourcecode.swift; path = MacroData.swift; sourceTree = "<group>"; };
		09DC9A5327A1E78500EF78E7 /* Colors.swift */ = {isa = PBXFileReference; lastKnownFileType = sourcecode.swift; path = Colors.swift; sourceTree = "<group>"; };
		09DC9A5B27A1F5A500EF78E7 /* Config.xcconfig */ = {isa = PBXFileReference; lastKnownFileType = text.xcconfig; path = Config.xcconfig; sourceTree = "<group>"; };
		09E3043627989F0D003FB240 /* RankVM.swift */ = {isa = PBXFileReference; lastKnownFileType = sourcecode.swift; path = RankVM.swift; sourceTree = "<group>"; };
		09E304392798D3E6003FB240 /* ProteinVM.swift */ = {isa = PBXFileReference; lastKnownFileType = sourcecode.swift; path = ProteinVM.swift; sourceTree = "<group>"; };
		09E304432798F2DE003FB240 /* UserData.swift */ = {isa = PBXFileReference; fileEncoding = 4; lastKnownFileType = sourcecode.swift; path = UserData.swift; sourceTree = "<group>"; };
		09E304442798F2DE003FB240 /* MealPlan.swift */ = {isa = PBXFileReference; fileEncoding = 4; lastKnownFileType = sourcecode.swift; path = MealPlan.swift; sourceTree = "<group>"; };
		09E304452798F2DE003FB240 /* MealData.swift */ = {isa = PBXFileReference; fileEncoding = 4; lastKnownFileType = sourcecode.swift; path = MealData.swift; sourceTree = "<group>"; };
		09E304472798F2DE003FB240 /* MealReq.swift */ = {isa = PBXFileReference; fileEncoding = 4; lastKnownFileType = sourcecode.swift; path = MealReq.swift; sourceTree = "<group>"; };
		09E3044F2798F3C1003FB240 /* MealDetailsVC.swift */ = {isa = PBXFileReference; lastKnownFileType = sourcecode.swift; path = MealDetailsVC.swift; sourceTree = "<group>"; };
		09E304512798F3DA003FB240 /* ProfileVC.swift */ = {isa = PBXFileReference; lastKnownFileType = sourcecode.swift; path = ProfileVC.swift; sourceTree = "<group>"; };
		09EE8141277A8D9D00579224 /* RankVC.swift */ = {isa = PBXFileReference; lastKnownFileType = sourcecode.swift; path = RankVC.swift; sourceTree = "<group>"; };
		09EE8145277BE6BF00579224 /* Montserrat-Medium.ttf */ = {isa = PBXFileReference; lastKnownFileType = file; path = "Montserrat-Medium.ttf"; sourceTree = "<group>"; };
		09F000732799F98400C80AD2 /* MealDetailsVM.swift */ = {isa = PBXFileReference; lastKnownFileType = sourcecode.swift; path = MealDetailsVM.swift; sourceTree = "<group>"; };
		09FD0BDF270E24830094BAAC /* InfoVC.swift */ = {isa = PBXFileReference; lastKnownFileType = sourcecode.swift; path = InfoVC.swift; sourceTree = "<group>"; };
		09FD0BE3270E2E050094BAAC /* KGHAPPY.ttf */ = {isa = PBXFileReference; lastKnownFileType = file; path = KGHAPPY.ttf; sourceTree = "<group>"; };
		09FD0BE6270E2E050094BAAC /* KGHAPPYSolid.ttf */ = {isa = PBXFileReference; lastKnownFileType = file; path = KGHAPPYSolid.ttf; sourceTree = "<group>"; };
		4771A74DE3E41575C9648C3B /* Pods_MacroHero.framework */ = {isa = PBXFileReference; explicitFileType = wrapper.framework; includeInIndex = 0; path = Pods_MacroHero.framework; sourceTree = BUILT_PRODUCTS_DIR; };
		8FE3BA3ABDB9C89D7D6D6FEB /* Pods-MacroHero.debug.xcconfig */ = {isa = PBXFileReference; includeInIndex = 1; lastKnownFileType = text.xcconfig; name = "Pods-MacroHero.debug.xcconfig"; path = "Target Support Files/Pods-MacroHero/Pods-MacroHero.debug.xcconfig"; sourceTree = "<group>"; };
		E5560F4DFE6B4D6B2881C8A3 /* Pods-MacroHero.release.xcconfig */ = {isa = PBXFileReference; includeInIndex = 1; lastKnownFileType = text.xcconfig; name = "Pods-MacroHero.release.xcconfig"; path = "Target Support Files/Pods-MacroHero/Pods-MacroHero.release.xcconfig"; sourceTree = "<group>"; };
/* End PBXFileReference section */

/* Begin PBXFrameworksBuildPhase section */
		0933D8A4270BC56100080FCD /* Frameworks */ = {
			isa = PBXFrameworksBuildPhase;
			buildActionMask = 2147483647;
			files = (
				09ABA66627B8596D008A9641 /* OrderedCollections in Frameworks */,
				5E40A7D5B34463021FEC598D /* Pods_MacroHero.framework in Frameworks */,
				09ABA66A27B8596D008A9641 /* Collections in Frameworks */,
				09ABA66827B8596D008A9641 /* DequeModule in Frameworks */,
			);
			runOnlyForDeploymentPostprocessing = 0;
		};
/* End PBXFrameworksBuildPhase section */

/* Begin PBXGroup section */
		0933D89E270BC56100080FCD = {
			isa = PBXGroup;
			children = (
				0933D8A9270BC56100080FCD /* MacroHero */,
				0933D8A8270BC56100080FCD /* Products */,
				F09C2189C0C5F4DD3561FEC3 /* Pods */,
				B878C8833E00D6B48067BA10 /* Frameworks */,
			);
			sourceTree = "<group>";
		};
		0933D8A8270BC56100080FCD /* Products */ = {
			isa = PBXGroup;
			children = (
				0933D8A7270BC56100080FCD /* MacroHero.app */,
			);
			name = Products;
			sourceTree = "<group>";
		};
		0933D8A9270BC56100080FCD /* MacroHero */ = {
			isa = PBXGroup;
			children = (
				0933D8AA270BC56100080FCD /* AppDelegate.swift */,
				0933D8AC270BC56100080FCD /* SceneDelegate.swift */,
				0933D8B8270BC56200080FCD /* Info.plist */,
				0933D8C2270BC6A200080FCD /* Models */,
				0966D41C27C9A9BC00A90754 /* View Models */,
				0966D42027C9AA5D00A90754 /* Views */,
				0966D41D27C9A9F600A90754 /* Controllers */,
				0966D42327C9AC6C00A90754 /* Networking */,
				0966D41B27C9A96500A90754 /* Extensions */,
				0933D8BE270BC66600080FCD /* Other */,
				09DC9A5B27A1F5A500EF78E7 /* Config.xcconfig */,
			);
			path = MacroHero;
			sourceTree = "<group>";
		};
		0933D8BE270BC66600080FCD /* Other */ = {
			isa = PBXGroup;
			children = (
				093870E1270D2D940036A3D7 /* Utils.swift */,
				093870DB270D0FFA0036A3D7 /* macroManGif.gif */,
				09A2697F277E588E005C0BFF /* proteinShakeGif.gif */,
				0933D8B3270BC56200080FCD /* Assets.xcassets */,
				09FD0BEB270E2E0B0094BAAC /* Fonts */,
			);
			path = Other;
			sourceTree = "<group>";
		};
		0933D8C2270BC6A200080FCD /* Models */ = {
			isa = PBXGroup;
			children = (
				09E304432798F2DE003FB240 /* UserData.swift */,
				09B353D2279F806B00871FA2 /* MacroData.swift */,
				09E304452798F2DE003FB240 /* MealData.swift */,
				09E304442798F2DE003FB240 /* MealPlan.swift */,
				09E304472798F2DE003FB240 /* MealReq.swift */,
			);
			path = Models;
			sourceTree = "<group>";
		};
		0966D41B27C9A96500A90754 /* Extensions */ = {
			isa = PBXGroup;
			children = (
				09DC9A5327A1E78500EF78E7 /* Colors.swift */,
				09ABA5FE27B30B9C008A9641 /* Fonts.swift */,
				09ABA5FC27B3095D008A9641 /* Image.swift */,
			);
			path = Extensions;
			sourceTree = "<group>";
		};
		0966D41C27C9A9BC00A90754 /* View Models */ = {
			isa = PBXGroup;
			children = (
				093870E3270D6B0D0036A3D7 /* IntroVC.swift */,
				097F8F74279783D600B638BC /* InfoVM.swift */,
				097F8F762797889E00B638BC /* PlanVM.swift */,
				09E3043627989F0D003FB240 /* RankVM.swift */,
				09E304392798D3E6003FB240 /* ProteinVM.swift */,
				097F8F7A2797ACA700B638BC /* MealPlanVM.swift */,
				09F000732799F98400C80AD2 /* MealDetailsVM.swift */,
				09E304512798F3DA003FB240 /* ProfileVC.swift */,
			);
			path = "View Models";
			sourceTree = "<group>";
		};
		0966D41D27C9A9F600A90754 /* Controllers */ = {
			isa = PBXGroup;
			children = (
				09FD0BDF270E24830094BAAC /* InfoVC.swift */,
				096CA545274DB7C40071C6EE /* PlanVC.swift */,
				09EE8141277A8D9D00579224 /* RankVC.swift */,
				0989FA70277D0E2100234819 /* ProteinVC.swift */,
				09A26981277EB17E005C0BFF /* MealPlanVC.swift */,
				09E3044F2798F3C1003FB240 /* MealDetailsVC.swift */,
				09975BC3278CF78F0096E00A /* AddView.swift */,
			);
			path = Controllers;
			sourceTree = "<group>";
		};
		0966D42027C9AA5D00A90754 /* Views */ = {
			isa = PBXGroup;
			children = (
				0933D8B5270BC56200080FCD /* LaunchScreen.storyboard */,
				09ABA62227B346EC008A9641 /* MealCell.swift */,
			);
			path = Views;
			sourceTree = "<group>";
		};
		0966D42327C9AC6C00A90754 /* Networking */ = {
			isa = PBXGroup;
			children = (
				0966D42427C9ACD700A90754 /* MacroCalculatorAPI.swift */,
			);
			path = Networking;
			sourceTree = "<group>";
		};
		09FD0BEB270E2E0B0094BAAC /* Fonts */ = {
			isa = PBXGroup;
			children = (
				09EE8145277BE6BF00579224 /* Montserrat-Medium.ttf */,
				09FD0BE3270E2E050094BAAC /* KGHAPPY.ttf */,
				09FD0BE6270E2E050094BAAC /* KGHAPPYSolid.ttf */,
			);
			path = Fonts;
			sourceTree = "<group>";
		};
		B878C8833E00D6B48067BA10 /* Frameworks */ = {
			isa = PBXGroup;
			children = (
				4771A74DE3E41575C9648C3B /* Pods_MacroHero.framework */,
			);
			name = Frameworks;
			sourceTree = "<group>";
		};
		F09C2189C0C5F4DD3561FEC3 /* Pods */ = {
			isa = PBXGroup;
			children = (
				8FE3BA3ABDB9C89D7D6D6FEB /* Pods-MacroHero.debug.xcconfig */,
				E5560F4DFE6B4D6B2881C8A3 /* Pods-MacroHero.release.xcconfig */,
			);
			path = Pods;
			sourceTree = "<group>";
		};
/* End PBXGroup section */

/* Begin PBXNativeTarget section */
		0933D8A6270BC56100080FCD /* MacroHero */ = {
			isa = PBXNativeTarget;
			buildConfigurationList = 0933D8BB270BC56200080FCD /* Build configuration list for PBXNativeTarget "MacroHero" */;
			buildPhases = (
				A847F70CF01CCE0A7EB75ED0 /* [CP] Check Pods Manifest.lock */,
				0933D8A3270BC56100080FCD /* Sources */,
				0933D8A4270BC56100080FCD /* Frameworks */,
				0933D8A5270BC56100080FCD /* Resources */,
				3056A26A707A41E0075E24B2 /* [CP] Embed Pods Frameworks */,
			);
			buildRules = (
			);
			dependencies = (
			);
			name = MacroHero;
			packageProductDependencies = (
				09ABA66527B8596D008A9641 /* OrderedCollections */,
				09ABA66727B8596D008A9641 /* DequeModule */,
				09ABA66927B8596D008A9641 /* Collections */,
			);
			productName = MacroHero;
			productReference = 0933D8A7270BC56100080FCD /* MacroHero.app */;
			productType = "com.apple.product-type.application";
		};
/* End PBXNativeTarget section */

/* Begin PBXProject section */
		0933D89F270BC56100080FCD /* Project object */ = {
			isa = PBXProject;
			attributes = {
				LastSwiftUpdateCheck = 1250;
				LastUpgradeCheck = 1250;
				TargetAttributes = {
					0933D8A6270BC56100080FCD = {
						CreatedOnToolsVersion = 12.5.1;
					};
				};
			};
			buildConfigurationList = 0933D8A2270BC56100080FCD /* Build configuration list for PBXProject "MacroHero" */;
			compatibilityVersion = "Xcode 9.3";
			developmentRegion = en;
			hasScannedForEncodings = 0;
			knownRegions = (
				en,
				Base,
			);
			mainGroup = 0933D89E270BC56100080FCD;
			packageReferences = (
				09ABA66427B8596D008A9641 /* XCRemoteSwiftPackageReference "swift-collections" */,
			);
			productRefGroup = 0933D8A8270BC56100080FCD /* Products */;
			projectDirPath = "";
			projectRoot = "";
			targets = (
				0933D8A6270BC56100080FCD /* MacroHero */,
			);
		};
/* End PBXProject section */

/* Begin PBXResourcesBuildPhase section */
		0933D8A5270BC56100080FCD /* Resources */ = {
			isa = PBXResourcesBuildPhase;
			buildActionMask = 2147483647;
			files = (
				09A26980277E588E005C0BFF /* proteinShakeGif.gif in Resources */,
				0933D8B7270BC56200080FCD /* LaunchScreen.storyboard in Resources */,
				0933D8B4270BC56200080FCD /* Assets.xcassets in Resources */,
				093870DC270D0FFA0036A3D7 /* macroManGif.gif in Resources */,
				09FD0BEA270E2E050094BAAC /* KGHAPPYSolid.ttf in Resources */,
				09EE8146277BE6BF00579224 /* Montserrat-Medium.ttf in Resources */,
				09FD0BE7270E2E050094BAAC /* KGHAPPY.ttf in Resources */,
			);
			runOnlyForDeploymentPostprocessing = 0;
		};
/* End PBXResourcesBuildPhase section */

/* Begin PBXShellScriptBuildPhase section */
		3056A26A707A41E0075E24B2 /* [CP] Embed Pods Frameworks */ = {
			isa = PBXShellScriptBuildPhase;
			buildActionMask = 2147483647;
			files = (
			);
			inputFileListPaths = (
				"${PODS_ROOT}/Target Support Files/Pods-MacroHero/Pods-MacroHero-frameworks-${CONFIGURATION}-input-files.xcfilelist",
			);
			name = "[CP] Embed Pods Frameworks";
			outputFileListPaths = (
				"${PODS_ROOT}/Target Support Files/Pods-MacroHero/Pods-MacroHero-frameworks-${CONFIGURATION}-output-files.xcfilelist",
			);
			runOnlyForDeploymentPostprocessing = 0;
			shellPath = /bin/sh;
			shellScript = "\"${PODS_ROOT}/Target Support Files/Pods-MacroHero/Pods-MacroHero-frameworks.sh\"\n";
			showEnvVarsInLog = 0;
		};
		A847F70CF01CCE0A7EB75ED0 /* [CP] Check Pods Manifest.lock */ = {
			isa = PBXShellScriptBuildPhase;
			buildActionMask = 2147483647;
			files = (
			);
			inputFileListPaths = (
			);
			inputPaths = (
				"${PODS_PODFILE_DIR_PATH}/Podfile.lock",
				"${PODS_ROOT}/Manifest.lock",
			);
			name = "[CP] Check Pods Manifest.lock";
			outputFileListPaths = (
			);
			outputPaths = (
				"$(DERIVED_FILE_DIR)/Pods-MacroHero-checkManifestLockResult.txt",
			);
			runOnlyForDeploymentPostprocessing = 0;
			shellPath = /bin/sh;
			shellScript = "diff \"${PODS_PODFILE_DIR_PATH}/Podfile.lock\" \"${PODS_ROOT}/Manifest.lock\" > /dev/null\nif [ $? != 0 ] ; then\n    # print error to STDERR\n    echo \"error: The sandbox is not in sync with the Podfile.lock. Run 'pod install' or update your CocoaPods installation.\" >&2\n    exit 1\nfi\n# This output is used by Xcode 'outputs' to avoid re-running this script phase.\necho \"SUCCESS\" > \"${SCRIPT_OUTPUT_FILE_0}\"\n";
			showEnvVarsInLog = 0;
		};
/* End PBXShellScriptBuildPhase section */

/* Begin PBXSourcesBuildPhase section */
		0933D8A3270BC56100080FCD /* Sources */ = {
			isa = PBXSourcesBuildPhase;
			buildActionMask = 2147483647;
			files = (
				09E3043A2798D3E6003FB240 /* ProteinVM.swift in Sources */,
				09E304522798F3DA003FB240 /* ProfileVC.swift in Sources */,
				09ABA5FF27B30B9C008A9641 /* Fonts.swift in Sources */,
				09E3044D2798F2DE003FB240 /* MealReq.swift in Sources */,
				09EE8142277A8D9D00579224 /* RankVC.swift in Sources */,
				0966D42527C9ACD700A90754 /* MacroCalculatorAPI.swift in Sources */,
				097F8F75279783D600B638BC /* InfoVM.swift in Sources */,
				09E304502798F3C1003FB240 /* MealDetailsVC.swift in Sources */,
				093870E4270D6B0D0036A3D7 /* IntroVC.swift in Sources */,
				09E3043727989F0D003FB240 /* RankVM.swift in Sources */,
				09E3044B2798F2DE003FB240 /* MealData.swift in Sources */,
				0989FA71277D0E2100234819 /* ProteinVC.swift in Sources */,
				093870E2270D2D940036A3D7 /* Utils.swift in Sources */,
				097F8F7B2797ACA700B638BC /* MealPlanVM.swift in Sources */,
				0933D8AB270BC56100080FCD /* AppDelegate.swift in Sources */,
				09FD0BE0270E24830094BAAC /* InfoVC.swift in Sources */,
				09F000742799F98400C80AD2 /* MealDetailsVM.swift in Sources */,
				096CA546274DB7C40071C6EE /* PlanVC.swift in Sources */,
				09E304492798F2DE003FB240 /* UserData.swift in Sources */,
				09975BC4278CF78F0096E00A /* AddView.swift in Sources */,
				097F8F772797889E00B638BC /* PlanVM.swift in Sources */,
				0933D8AD270BC56100080FCD /* SceneDelegate.swift in Sources */,
				09ABA62327B346EC008A9641 /* MealCell.swift in Sources */,
				09DC9A5427A1E78500EF78E7 /* Colors.swift in Sources */,
				09B353D3279F806B00871FA2 /* MacroData.swift in Sources */,
				09ABA5FD27B3095D008A9641 /* Image.swift in Sources */,
				09E3044A2798F2DE003FB240 /* MealPlan.swift in Sources */,
				09A26982277EB17E005C0BFF /* MealPlanVC.swift in Sources */,
			);
			runOnlyForDeploymentPostprocessing = 0;
		};
/* End PBXSourcesBuildPhase section */

/* Begin PBXVariantGroup section */
		0933D8B5270BC56200080FCD /* LaunchScreen.storyboard */ = {
			isa = PBXVariantGroup;
			children = (
				0933D8B6270BC56200080FCD /* Base */,
			);
			name = LaunchScreen.storyboard;
			sourceTree = "<group>";
		};
/* End PBXVariantGroup section */

/* Begin XCBuildConfiguration section */
		0933D8B9270BC56200080FCD /* Debug */ = {
			isa = XCBuildConfiguration;
			baseConfigurationReference = 09DC9A5B27A1F5A500EF78E7 /* Config.xcconfig */;
			buildSettings = {
				ALWAYS_SEARCH_USER_PATHS = NO;
				CLANG_ANALYZER_NONNULL = YES;
				CLANG_ANALYZER_NUMBER_OBJECT_CONVERSION = YES_AGGRESSIVE;
				CLANG_CXX_LANGUAGE_STANDARD = "gnu++14";
				CLANG_CXX_LIBRARY = "libc++";
				CLANG_ENABLE_MODULES = YES;
				CLANG_ENABLE_OBJC_ARC = YES;
				CLANG_ENABLE_OBJC_WEAK = YES;
				CLANG_WARN_BLOCK_CAPTURE_AUTORELEASING = YES;
				CLANG_WARN_BOOL_CONVERSION = YES;
				CLANG_WARN_COMMA = YES;
				CLANG_WARN_CONSTANT_CONVERSION = YES;
				CLANG_WARN_DEPRECATED_OBJC_IMPLEMENTATIONS = YES;
				CLANG_WARN_DIRECT_OBJC_ISA_USAGE = YES_ERROR;
				CLANG_WARN_DOCUMENTATION_COMMENTS = YES;
				CLANG_WARN_EMPTY_BODY = YES;
				CLANG_WARN_ENUM_CONVERSION = YES;
				CLANG_WARN_INFINITE_RECURSION = YES;
				CLANG_WARN_INT_CONVERSION = YES;
				CLANG_WARN_NON_LITERAL_NULL_CONVERSION = YES;
				CLANG_WARN_OBJC_IMPLICIT_RETAIN_SELF = YES;
				CLANG_WARN_OBJC_LITERAL_CONVERSION = YES;
				CLANG_WARN_OBJC_ROOT_CLASS = YES_ERROR;
				CLANG_WARN_QUOTED_INCLUDE_IN_FRAMEWORK_HEADER = YES;
				CLANG_WARN_RANGE_LOOP_ANALYSIS = YES;
				CLANG_WARN_STRICT_PROTOTYPES = YES;
				CLANG_WARN_SUSPICIOUS_MOVE = YES;
				CLANG_WARN_UNGUARDED_AVAILABILITY = YES_AGGRESSIVE;
				CLANG_WARN_UNREACHABLE_CODE = YES;
				CLANG_WARN__DUPLICATE_METHOD_MATCH = YES;
				COPY_PHASE_STRIP = NO;
				DEBUG_INFORMATION_FORMAT = dwarf;
				ENABLE_STRICT_OBJC_MSGSEND = YES;
				ENABLE_TESTABILITY = YES;
				GCC_C_LANGUAGE_STANDARD = gnu11;
				GCC_DYNAMIC_NO_PIC = NO;
				GCC_NO_COMMON_BLOCKS = YES;
				GCC_OPTIMIZATION_LEVEL = 0;
				GCC_PREPROCESSOR_DEFINITIONS = (
					"DEBUG=1",
					"$(inherited)",
				);
				GCC_WARN_64_TO_32_BIT_CONVERSION = YES;
				GCC_WARN_ABOUT_RETURN_TYPE = YES_ERROR;
				GCC_WARN_UNDECLARED_SELECTOR = YES;
				GCC_WARN_UNINITIALIZED_AUTOS = YES_AGGRESSIVE;
				GCC_WARN_UNUSED_FUNCTION = YES;
				GCC_WARN_UNUSED_VARIABLE = YES;
				IPHONEOS_DEPLOYMENT_TARGET = 14.5;
				MTL_ENABLE_DEBUG_INFO = INCLUDE_SOURCE;
				MTL_FAST_MATH = YES;
				ONLY_ACTIVE_ARCH = YES;
				SDKROOT = iphoneos;
				SWIFT_ACTIVE_COMPILATION_CONDITIONS = DEBUG;
				SWIFT_OPTIMIZATION_LEVEL = "-Onone";
			};
			name = Debug;
		};
		0933D8BA270BC56200080FCD /* Release */ = {
			isa = XCBuildConfiguration;
			baseConfigurationReference = 09DC9A5B27A1F5A500EF78E7 /* Config.xcconfig */;
			buildSettings = {
				ALWAYS_SEARCH_USER_PATHS = NO;
				CLANG_ANALYZER_NONNULL = YES;
				CLANG_ANALYZER_NUMBER_OBJECT_CONVERSION = YES_AGGRESSIVE;
				CLANG_CXX_LANGUAGE_STANDARD = "gnu++14";
				CLANG_CXX_LIBRARY = "libc++";
				CLANG_ENABLE_MODULES = YES;
				CLANG_ENABLE_OBJC_ARC = YES;
				CLANG_ENABLE_OBJC_WEAK = YES;
				CLANG_WARN_BLOCK_CAPTURE_AUTORELEASING = YES;
				CLANG_WARN_BOOL_CONVERSION = YES;
				CLANG_WARN_COMMA = YES;
				CLANG_WARN_CONSTANT_CONVERSION = YES;
				CLANG_WARN_DEPRECATED_OBJC_IMPLEMENTATIONS = YES;
				CLANG_WARN_DIRECT_OBJC_ISA_USAGE = YES_ERROR;
				CLANG_WARN_DOCUMENTATION_COMMENTS = YES;
				CLANG_WARN_EMPTY_BODY = YES;
				CLANG_WARN_ENUM_CONVERSION = YES;
				CLANG_WARN_INFINITE_RECURSION = YES;
				CLANG_WARN_INT_CONVERSION = YES;
				CLANG_WARN_NON_LITERAL_NULL_CONVERSION = YES;
				CLANG_WARN_OBJC_IMPLICIT_RETAIN_SELF = YES;
				CLANG_WARN_OBJC_LITERAL_CONVERSION = YES;
				CLANG_WARN_OBJC_ROOT_CLASS = YES_ERROR;
				CLANG_WARN_QUOTED_INCLUDE_IN_FRAMEWORK_HEADER = YES;
				CLANG_WARN_RANGE_LOOP_ANALYSIS = YES;
				CLANG_WARN_STRICT_PROTOTYPES = YES;
				CLANG_WARN_SUSPICIOUS_MOVE = YES;
				CLANG_WARN_UNGUARDED_AVAILABILITY = YES_AGGRESSIVE;
				CLANG_WARN_UNREACHABLE_CODE = YES;
				CLANG_WARN__DUPLICATE_METHOD_MATCH = YES;
				COPY_PHASE_STRIP = NO;
				DEBUG_INFORMATION_FORMAT = "dwarf-with-dsym";
				ENABLE_NS_ASSERTIONS = NO;
				ENABLE_STRICT_OBJC_MSGSEND = YES;
				GCC_C_LANGUAGE_STANDARD = gnu11;
				GCC_NO_COMMON_BLOCKS = YES;
				GCC_WARN_64_TO_32_BIT_CONVERSION = YES;
				GCC_WARN_ABOUT_RETURN_TYPE = YES_ERROR;
				GCC_WARN_UNDECLARED_SELECTOR = YES;
				GCC_WARN_UNINITIALIZED_AUTOS = YES_AGGRESSIVE;
				GCC_WARN_UNUSED_FUNCTION = YES;
				GCC_WARN_UNUSED_VARIABLE = YES;
				IPHONEOS_DEPLOYMENT_TARGET = 14.5;
				MTL_ENABLE_DEBUG_INFO = NO;
				MTL_FAST_MATH = YES;
				SDKROOT = iphoneos;
				SWIFT_COMPILATION_MODE = wholemodule;
				SWIFT_OPTIMIZATION_LEVEL = "-O";
				VALIDATE_PRODUCT = YES;
			};
			name = Release;
		};
		0933D8BC270BC56200080FCD /* Debug */ = {
			isa = XCBuildConfiguration;
			baseConfigurationReference = 8FE3BA3ABDB9C89D7D6D6FEB /* Pods-MacroHero.debug.xcconfig */;
			buildSettings = {
				ASSETCATALOG_COMPILER_APPICON_NAME = AppIcon;
				ASSETCATALOG_COMPILER_GLOBAL_ACCENT_COLOR_NAME = AccentColor;
				CODE_SIGN_STYLE = Automatic;
				DEVELOPMENT_TEAM = C5GN2KM3ZR;
				INFOPLIST_FILE = MacroHero/Info.plist;
				IPHONEOS_DEPLOYMENT_TARGET = 13.6;
				LD_RUNPATH_SEARCH_PATHS = (
					"$(inherited)",
					"@executable_path/Frameworks",
				);
				PRODUCT_BUNDLE_IDENTIFIER = "Nadia-Siddiqah.MacroHero";
				PRODUCT_NAME = "$(TARGET_NAME)";
				SWIFT_VERSION = 5.0;
				TARGETED_DEVICE_FAMILY = 1;
			};
			name = Debug;
		};
		0933D8BD270BC56200080FCD /* Release */ = {
			isa = XCBuildConfiguration;
			baseConfigurationReference = E5560F4DFE6B4D6B2881C8A3 /* Pods-MacroHero.release.xcconfig */;
			buildSettings = {
				ASSETCATALOG_COMPILER_APPICON_NAME = AppIcon;
				ASSETCATALOG_COMPILER_GLOBAL_ACCENT_COLOR_NAME = AccentColor;
				CODE_SIGN_STYLE = Automatic;
				DEVELOPMENT_TEAM = C5GN2KM3ZR;
				INFOPLIST_FILE = MacroHero/Info.plist;
				IPHONEOS_DEPLOYMENT_TARGET = 13.6;
				LD_RUNPATH_SEARCH_PATHS = (
					"$(inherited)",
					"@executable_path/Frameworks",
				);
				PRODUCT_BUNDLE_IDENTIFIER = "Nadia-Siddiqah.MacroHero";
				PRODUCT_NAME = "$(TARGET_NAME)";
				SWIFT_VERSION = 5.0;
				TARGETED_DEVICE_FAMILY = 1;
			};
			name = Release;
		};
/* End XCBuildConfiguration section */

/* Begin XCConfigurationList section */
		0933D8A2270BC56100080FCD /* Build configuration list for PBXProject "MacroHero" */ = {
			isa = XCConfigurationList;
			buildConfigurations = (
				0933D8B9270BC56200080FCD /* Debug */,
				0933D8BA270BC56200080FCD /* Release */,
			);
			defaultConfigurationIsVisible = 0;
			defaultConfigurationName = Release;
		};
		0933D8BB270BC56200080FCD /* Build configuration list for PBXNativeTarget "MacroHero" */ = {
			isa = XCConfigurationList;
			buildConfigurations = (
				0933D8BC270BC56200080FCD /* Debug */,
				0933D8BD270BC56200080FCD /* Release */,
			);
			defaultConfigurationIsVisible = 0;
			defaultConfigurationName = Release;
		};
/* End XCConfigurationList section */

/* Begin XCRemoteSwiftPackageReference section */
		09ABA66427B8596D008A9641 /* XCRemoteSwiftPackageReference "swift-collections" */ = {
			isa = XCRemoteSwiftPackageReference;
			repositoryURL = "https://github.com/apple/swift-collections.git";
			requirement = {
				kind = upToNextMajorVersion;
				minimumVersion = 1.0.2;
			};
		};
/* End XCRemoteSwiftPackageReference section */

/* Begin XCSwiftPackageProductDependency section */
		09ABA66527B8596D008A9641 /* OrderedCollections */ = {
			isa = XCSwiftPackageProductDependency;
			package = 09ABA66427B8596D008A9641 /* XCRemoteSwiftPackageReference "swift-collections" */;
			productName = OrderedCollections;
		};
		09ABA66727B8596D008A9641 /* DequeModule */ = {
			isa = XCSwiftPackageProductDependency;
			package = 09ABA66427B8596D008A9641 /* XCRemoteSwiftPackageReference "swift-collections" */;
			productName = DequeModule;
		};
		09ABA66927B8596D008A9641 /* Collections */ = {
			isa = XCSwiftPackageProductDependency;
			package = 09ABA66427B8596D008A9641 /* XCRemoteSwiftPackageReference "swift-collections" */;
			productName = Collections;
		};
/* End XCSwiftPackageProductDependency section */
	};
	rootObject = 0933D89F270BC56100080FCD /* Project object */;
}
